
Microsoft Visual Studio Solution File, Format Version 12.00
# Visual Studio Version 16
VisualStudioVersion = 16.0.31005.135
MinimumVisualStudioVersion = 10.0.40219.1
Project("{9A19103F-16F7-4668-BE54-9A1E7A4F7556}") = "FrozenForge.Apis", "FrozenForge.Apis\FrozenForge.Apis.csproj", "{95931E8E-7917-443E-B7BD-3062ECFD700D}"
EndProject
Project("{9A19103F-16F7-4668-BE54-9A1E7A4F7556}") = "FrozenForge.Apis.Tests", "FrozenForge.Apis.Tests\FrozenForge.Apis.Tests.csproj", "{EB833F92-A51F-41EA-BF91-0F8F5B52C398}"
EndProject
Global
	GlobalSection(SolutionConfigurationPlatforms) = preSolution
		Debug|Any CPU = Debug|Any CPU
		Release|Any CPU = Release|Any CPU
	EndGlobalSection
	GlobalSection(ProjectConfigurationPlatforms) = postSolution
		{95931E8E-7917-443E-B7BD-3062ECFD700D}.Debug|Any CPU.ActiveCfg = Debug|Any CPU
		{95931E8E-7917-443E-B7BD-3062ECFD700D}.Debug|Any CPU.Build.0 = Debug|Any CPU
		{95931E8E-7917-443E-B7BD-3062ECFD700D}.Release|Any CPU.ActiveCfg = Release|Any CPU
		{95931E8E-7917-443E-B7BD-3062ECFD700D}.Release|Any CPU.Build.0 = Release|Any CPU
		{EB833F92-A51F-41EA-BF91-0F8F5B52C398}.Debug|Any CPU.ActiveCfg = Debug|Any CPU
		{EB833F92-A51F-41EA-BF91-0F8F5B52C398}.Debug|Any CPU.Build.0 = Debug|Any CPU
		{EB833F92-A51F-41EA-BF91-0F8F5B52C398}.Release|Any CPU.ActiveCfg = Release|Any CPU
		{EB833F92-A51F-41EA-BF91-0F8F5B52C398}.Release|Any CPU.Build.0 = Release|Any CPU
	EndGlobalSection
	GlobalSection(SolutionProperties) = preSolution
		HideSolutionNode = FALSE
	EndGlobalSection
	GlobalSection(ExtensibilityGlobals) = postSolution
		SolutionGuid = {2FFBE3E8-51BE-4DB4-8704-71A2B8F39F09}
	EndGlobalSection
EndGlobal
